{
  "name": "webscrapo",
  "version": "0.0.1",
  "lockfileVersion": 1,
  "requires": true,
  "dependencies": {
    "@types/colors": {
      "version": "1.2.1",
      "resolved": "https://registry.npmjs.org/@types/colors/-/colors-1.2.1.tgz",
      "integrity": "sha1-V3A/Gp9/X8QK+4Hu8T6WrN0QFqY=",
      "dev": true,
      "requires": {
        "colors": "*"
      }
    },
    "@types/csvtojson": {
      "version": "1.1.5",
      "resolved": "https://registry.npmjs.org/@types/csvtojson/-/csvtojson-1.1.5.tgz",
      "integrity": "sha1-sVAISb0KHvWNk7A6YdiJ4tQKkSs=",
      "dev": true,
      "requires": {
        "@types/node": "*"
      }
    },
    "@types/node": {
      "version": "10.12.18",
      "resolved": "https://registry.npmjs.org/@types/node/-/node-10.12.18.tgz",
      "integrity": "sha1-HTynZHGJFVhPzZ9jRGIbdnJmXGc=",
      "dev": true
    },
    "@types/puppeteer": {
      "version": "1.11.1",
      "resolved": "https://registry.npmjs.org/@types/puppeteer/-/puppeteer-1.11.1.tgz",
      "integrity": "sha1-8v4uCJF68rTcSwO9K4OMBcudhBA=",
      "dev": true,
      "requires": {
        "@types/node": "*"
      },
      "dependencies": {
        "@types/node": {
          "version": "10.12.18",
          "resolved": "https://registry.npmjs.org/@types/node/-/node-10.12.18.tgz",
          "integrity": "sha1-HTynZHGJFVhPzZ9jRGIbdnJmXGc=",
          "dev": true
        }
      }
    },
    "@types/uuid": {
      "version": "3.4.4",
      "resolved": "https://registry.npmjs.org/@types/uuid/-/uuid-3.4.4.tgz",
      "integrity": "sha512-tPIgT0GUmdJQNSHxp0X2jnpQfBSTfGxUMc/2CXBU2mnyTFVYVa2ojpoQ74w0U2yn2vw3jnC640+77lkFFpdVDw==",
      "dev": true,
      "requires": {
        "@types/node": "*"
      }
    },
    "addressit": {
      "version": "1.6.0",
      "resolved": "https://registry.npmjs.org/addressit/-/addressit-1.6.0.tgz",
      "integrity": "sha1-y5TeesEjtl+caFSABLnBySSNwKU=",
      "requires": {
        "cog": "^1.0.0"
      }
    },
    "agent-base": {
      "version": "4.2.1",
      "resolved": "https://registry.npmjs.org/agent-base/-/agent-base-4.2.1.tgz",
      "integrity": "sha1-2J5ZmfeXh1Z0wH2H8mD8Qeg+jKk=",
      "requires": {
        "es6-promisify": "^5.0.0"
      }
    },
    "async": {
      "version": "1.0.0",
      "resolved": "https://registry.npmjs.org/async/-/async-1.0.0.tgz",
      "integrity": "sha1-+PwEyjoTeErenhZBr5hXjPvWR6k="
    },
    "async-limiter": {
      "version": "1.0.0",
      "resolved": "https://registry.npmjs.org/async-limiter/-/async-limiter-1.0.0.tgz",
      "integrity": "sha1-ePrtjD0HSrgfIrTphdeehzj3IPg="
    },
    "balanced-match": {
      "version": "1.0.0",
      "resolved": "https://registry.npmjs.org/balanced-match/-/balanced-match-1.0.0.tgz",
      "integrity": "sha1-ibTRmasr7kneFk6gK4nORi1xt2c="
    },
    "bluebird": {
      "version": "3.5.3",
      "resolved": "https://registry.npmjs.org/bluebird/-/bluebird-3.5.3.tgz",
      "integrity": "sha1-fQHG+WFsmlGrD4xUmnnf5uwz76c="
    },
    "boolbase": {
      "version": "1.0.0",
      "resolved": "https://registry.npmjs.org/boolbase/-/boolbase-1.0.0.tgz",
      "integrity": "sha1-aN/1++YMUes3cl6p4+0xDcwed24="
    },
    "brace-expansion": {
      "version": "1.1.11",
      "resolved": "https://registry.npmjs.org/brace-expansion/-/brace-expansion-1.1.11.tgz",
      "integrity": "sha1-PH/L9SnYcibz0vUrlm/1Jx60Qd0=",
      "requires": {
        "balanced-match": "^1.0.0",
        "concat-map": "0.0.1"
      }
    },
    "buffer-from": {
      "version": "1.1.1",
      "resolved": "https://registry.npmjs.org/buffer-from/-/buffer-from-1.1.1.tgz",
      "integrity": "sha1-MnE7wCj3XAL9txDXx7zsHyxgcO8="
    },
    "cheerio": {
      "version": "1.0.0-rc.2",
      "resolved": "https://registry.npmjs.org/cheerio/-/cheerio-1.0.0-rc.2.tgz",
      "integrity": "sha1-S59TqBsn5NXawxwP/Qz6A8xoMNs=",
      "requires": {
        "css-select": "~1.2.0",
        "dom-serializer": "~0.1.0",
        "entities": "~1.1.1",
        "htmlparser2": "^3.9.1",
        "lodash": "^4.15.0",
        "parse5": "^3.0.1"
      }
    },
    "chrono-node": {
      "version": "1.3.5",
      "resolved": "https://registry.npmjs.org/chrono-node/-/chrono-node-1.3.5.tgz",
      "integrity": "sha1-oklSmKMtqCvMAa2b59d++l4kQSI=",
      "requires": {
        "moment": "^2.10.3"
      }
    },
    "cog": {
      "version": "1.1.0",
      "resolved": "https://registry.npmjs.org/cog/-/cog-1.1.0.tgz",
      "integrity": "sha1-v/MfgTt96u1a2Gi/42Ty/5r+ELM="
    },
    "colors": {
      "version": "1.3.3",
      "resolved": "https://registry.npmjs.org/colors/-/colors-1.3.3.tgz",
      "integrity": "sha1-OeAF1Uav4B4B+cTKj6UPaGoBIF0="
    },
    "commander": {
      "version": "2.19.0",
      "resolved": "https://registry.npmjs.org/commander/-/commander-2.19.0.tgz",
      "integrity": "sha1-9hmKqE5bg8RgVLlN3tv+1e6f8So="
    },
    "concat-map": {
      "version": "0.0.1",
      "resolved": "https://registry.npmjs.org/concat-map/-/concat-map-0.0.1.tgz",
      "integrity": "sha1-2Klr13/Wjfd5OnMDajug1UBdR3s="
    },
    "concat-stream": {
      "version": "1.6.2",
      "resolved": "https://registry.npmjs.org/concat-stream/-/concat-stream-1.6.2.tgz",
      "integrity": "sha1-kEvfGUzTEi/Gdcd/xKw9T/D9GjQ=",
      "requires": {
        "buffer-from": "^1.0.0",
        "inherits": "^2.0.3",
        "readable-stream": "^2.2.2",
        "typedarray": "^0.0.6"
      },
      "dependencies": {
        "process-nextick-args": {
          "version": "2.0.0",
          "resolved": "https://registry.npmjs.org/process-nextick-args/-/process-nextick-args-2.0.0.tgz",
          "integrity": "sha1-o31zL0JxtKsa0HDTVQjoKQeI/6o="
        },
        "readable-stream": {
          "version": "2.3.6",
          "resolved": "http://registry.npmjs.org/readable-stream/-/readable-stream-2.3.6.tgz",
          "integrity": "sha1-sRwn2IuP8fvgcGQ8+UsMea4bCq8=",
          "requires": {
            "core-util-is": "~1.0.0",
            "inherits": "~2.0.3",
            "isarray": "~1.0.0",
            "process-nextick-args": "~2.0.0",
            "safe-buffer": "~5.1.1",
            "string_decoder": "~1.1.1",
            "util-deprecate": "~1.0.1"
          }
        },
        "string_decoder": {
          "version": "1.1.1",
          "resolved": "http://registry.npmjs.org/string_decoder/-/string_decoder-1.1.1.tgz",
          "integrity": "sha1-nPFhG6YmhdcDCunkujQUnDrwP8g=",
          "requires": {
            "safe-buffer": "~5.1.0"
          }
        }
      }
    },
    "core-js": {
      "version": "2.3.0",
      "resolved": "https://registry.npmjs.org/core-js/-/core-js-2.3.0.tgz",
      "integrity": "sha1-+rg/uwstjchfpjbEudNMdUIMbWU="
    },
    "core-util-is": {
      "version": "1.0.2",
      "resolved": "https://registry.npmjs.org/core-util-is/-/core-util-is-1.0.2.tgz",
      "integrity": "sha1-tf1UIgqivFq1eqtxQMlAdUUDwac="
    },
    "css-select": {
      "version": "1.2.0",
      "resolved": "https://registry.npmjs.org/css-select/-/css-select-1.2.0.tgz",
      "integrity": "sha1-KzoRBTnFNV8c2NMUYj6HCxIeyFg=",
      "requires": {
        "boolbase": "~1.0.0",
        "css-what": "2.1",
        "domutils": "1.5.1",
        "nth-check": "~1.0.1"
      }
    },
    "css-what": {
      "version": "2.1.2",
      "resolved": "https://registry.npmjs.org/css-what/-/css-what-2.1.2.tgz",
      "integrity": "sha1-wIdtnQSAkn19SSDc1yrzWVZJVU0="
    },
    "csvtojson": {
      "version": "2.0.8",
      "resolved": "https://registry.npmjs.org/csvtojson/-/csvtojson-2.0.8.tgz",
      "integrity": "sha1-2InxlXaysz6tI1SQ0uXJeRSB6NM=",
      "requires": {
        "bluebird": "^3.5.1",
        "lodash": "^4.17.3",
        "strip-bom": "^2.0.0"
      }
    },
    "cycle": {
      "version": "1.0.3",
      "resolved": "https://registry.npmjs.org/cycle/-/cycle-1.0.3.tgz",
      "integrity": "sha1-IegLK+hYD5i0aPN5QwZisEbDStI="
    },
    "debug": {
      "version": "4.1.1",
      "resolved": "https://registry.npmjs.org/debug/-/debug-4.1.1.tgz",
      "integrity": "sha1-O3ImAlUQnGtYnO4FDx1RYTlmR5E=",
      "requires": {
        "ms": "^2.1.1"
      }
    },
    "dom-serializer": {
      "version": "0.1.0",
      "resolved": "https://registry.npmjs.org/dom-serializer/-/dom-serializer-0.1.0.tgz",
      "integrity": "sha1-BzxpdUbOB4DOI75KKOKT5AvDDII=",
      "requires": {
        "domelementtype": "~1.1.1",
        "entities": "~1.1.1"
      },
      "dependencies": {
        "domelementtype": {
          "version": "1.1.3",
          "resolved": "https://registry.npmjs.org/domelementtype/-/domelementtype-1.1.3.tgz",
          "integrity": "sha1-vSh3PiZCiBrsUVRJJCmcXNgiGFs="
        }
      }
    },
    "domelementtype": {
      "version": "1.3.1",
      "resolved": "https://registry.npmjs.org/domelementtype/-/domelementtype-1.3.1.tgz",
      "integrity": "sha1-0EjESzew0Qp/Kj1f7j9DM9eQSB8="
    },
    "domhandler": {
      "version": "2.4.2",
      "resolved": "https://registry.npmjs.org/domhandler/-/domhandler-2.4.2.tgz",
      "integrity": "sha1-iAUJfpM9ZehVRvcm1g9euItE+AM=",
      "requires": {
        "domelementtype": "1"
      }
    },
    "domutils": {
      "version": "1.5.1",
      "resolved": "https://registry.npmjs.org/domutils/-/domutils-1.5.1.tgz",
      "integrity": "sha1-3NhIiib1Y9YQeeSMn3t+Mjc2gs8=",
      "requires": {
        "dom-serializer": "0",
        "domelementtype": "1"
      }
    },
    "entities": {
      "version": "1.1.2",
      "resolved": "https://registry.npmjs.org/entities/-/entities-1.1.2.tgz",
      "integrity": "sha1-vfpzUplmTfr9NFKe1PhSKidf6lY="
    },
    "es6-promise": {
      "version": "3.0.2",
      "resolved": "https://registry.npmjs.org/es6-promise/-/es6-promise-3.0.2.tgz",
      "integrity": "sha1-AQ1YWEI6XxGJeWZfRkhqlcbuK7Y="
    },
    "es6-promisify": {
      "version": "5.0.0",
      "resolved": "https://registry.npmjs.org/es6-promisify/-/es6-promisify-5.0.0.tgz",
      "integrity": "sha1-UQnWLz5W6pZ8S2NQWu8IKRyKUgM=",
      "requires": {
        "es6-promise": "^4.0.3"
      },
      "dependencies": {
        "es6-promise": {
          "version": "4.2.5",
          "resolved": "https://registry.npmjs.org/es6-promise/-/es6-promise-4.2.5.tgz",
          "integrity": "sha1-2m0NVpLvtGHggsFIF/4kJ9j10FQ="
        }
      }
    },
    "extract-zip": {
      "version": "1.6.7",
      "resolved": "https://registry.npmjs.org/extract-zip/-/extract-zip-1.6.7.tgz",
      "integrity": "sha1-qEC0uK9kAyZMjbV/Txp0Mz74H+k=",
      "requires": {
        "concat-stream": "1.6.2",
        "debug": "2.6.9",
        "mkdirp": "0.5.1",
        "yauzl": "2.4.1"
      },
      "dependencies": {
        "debug": {
          "version": "2.6.9",
          "resolved": "https://registry.npmjs.org/debug/-/debug-2.6.9.tgz",
          "integrity": "sha1-XRKFFd8TT/Mn6QpMk/Tgd6U2NB8=",
          "requires": {
            "ms": "2.0.0"
          }
        },
        "ms": {
          "version": "2.0.0",
          "resolved": "https://registry.npmjs.org/ms/-/ms-2.0.0.tgz",
          "integrity": "sha1-VgiurfwAvmwpAd9fmGF4jeDVl8g="
        }
      }
    },
    "eyes": {
      "version": "0.1.8",
      "resolved": "https://registry.npmjs.org/eyes/-/eyes-0.1.8.tgz",
      "integrity": "sha1-Ys8SAjTGg3hdkCNIqADvPgzCC8A="
    },
    "fd-slicer": {
      "version": "1.0.1",
      "resolved": "https://registry.npmjs.org/fd-slicer/-/fd-slicer-1.0.1.tgz",
      "integrity": "sha1-i1vL2ewyfFBBv5qwI/1nUPEXfmU=",
      "requires": {
        "pend": "~1.2.0"
      }
    },
    "fs.realpath": {
      "version": "1.0.0",
      "resolved": "https://registry.npmjs.org/fs.realpath/-/fs.realpath-1.0.0.tgz",
      "integrity": "sha1-FQStJSMVjKpA20onh8sBQRmU6k8="
    },
    "glob": {
      "version": "7.1.3",
      "resolved": "https://registry.npmjs.org/glob/-/glob-7.1.3.tgz",
      "integrity": "sha1-OWCDLT8VdBCDQtr9OmezMsCWnfE=",
      "requires": {
        "fs.realpath": "^1.0.0",
        "inflight": "^1.0.4",
        "inherits": "2",
        "minimatch": "^3.0.4",
        "once": "^1.3.0",
        "path-is-absolute": "^1.0.0"
      }
    },
    "google-libphonenumber": {
      "version": "2.0.19",
      "resolved": "https://registry.npmjs.org/google-libphonenumber/-/google-libphonenumber-2.0.19.tgz",
      "integrity": "sha1-ptX/YEEqozsWG7gw1wqjloJYMFQ="
    },
    "htmlparser2": {
      "version": "3.10.0",
      "resolved": "https://registry.npmjs.org/htmlparser2/-/htmlparser2-3.10.0.tgz",
      "integrity": "sha1-X15CLc9hGcDZg+02Jgzp3tC+5GQ=",
      "requires": {
        "domelementtype": "^1.3.0",
        "domhandler": "^2.3.0",
        "domutils": "^1.5.1",
        "entities": "^1.1.1",
        "inherits": "^2.0.1",
        "readable-stream": "^3.0.6"
      },
      "dependencies": {
        "readable-stream": {
          "version": "3.1.1",
          "resolved": "https://registry.npmjs.org/readable-stream/-/readable-stream-3.1.1.tgz",
          "integrity": "sha1-7Wu8bFuliwkAOf8YzmcFFXla6wY=",
          "requires": {
            "inherits": "^2.0.3",
            "string_decoder": "^1.1.1",
            "util-deprecate": "^1.0.1"
          }
        },
        "string_decoder": {
          "version": "1.2.0",
          "resolved": "https://registry.npmjs.org/string_decoder/-/string_decoder-1.2.0.tgz",
          "integrity": "sha1-/obnOLGVRK/nBGkkOyoe6SQOro0=",
          "requires": {
            "safe-buffer": "~5.1.0"
          }
        }
      }
    },
    "https-proxy-agent": {
      "version": "2.2.1",
      "resolved": "https://registry.npmjs.org/https-proxy-agent/-/https-proxy-agent-2.2.1.tgz",
      "integrity": "sha1-UVUpcPoE1yPgTFbQQXjD+SWSu8A=",
      "requires": {
        "agent-base": "^4.1.0",
        "debug": "^3.1.0"
      },
      "dependencies": {
        "debug": {
          "version": "3.2.6",
          "resolved": "https://registry.npmjs.org/debug/-/debug-3.2.6.tgz",
          "integrity": "sha1-6D0X3hbYp++3cX7b5fsQE17uYps=",
          "requires": {
            "ms": "^2.1.1"
          }
        }
      }
    },
    "humanname": {
      "version": "0.2.2",
      "resolved": "https://registry.npmjs.org/humanname/-/humanname-0.2.2.tgz",
      "integrity": "sha1-ZTcbrt36ROdXMxOazxO4DiByPG4="
    },
    "immediate": {
      "version": "3.0.6",
      "resolved": "https://registry.npmjs.org/immediate/-/immediate-3.0.6.tgz",
      "integrity": "sha1-nbHb0Pr43m++D13V5Wu2BigN5ps="
    },
    "inflight": {
      "version": "1.0.6",
      "resolved": "https://registry.npmjs.org/inflight/-/inflight-1.0.6.tgz",
      "integrity": "sha1-Sb1jMdfQLQwJvJEKEHW6gWW1bfk=",
      "requires": {
        "once": "^1.3.0",
        "wrappy": "1"
      }
    },
    "inherits": {
      "version": "2.0.3",
      "resolved": "https://registry.npmjs.org/inherits/-/inherits-2.0.3.tgz",
      "integrity": "sha1-Yzwsg+PaQqUC9SRmAiSA9CCCYd4="
    },
    "is-utf8": {
      "version": "0.2.1",
      "resolved": "https://registry.npmjs.org/is-utf8/-/is-utf8-0.2.1.tgz",
      "integrity": "sha1-Sw2hRCEE0bM2NA6AeX6GXPOffXI="
    },
    "isarray": {
      "version": "1.0.0",
      "resolved": "https://registry.npmjs.org/isarray/-/isarray-1.0.0.tgz",
      "integrity": "sha1-u5NdSFgsuhaMBoNJV6VKPgcSTxE="
    },
    "isstream": {
      "version": "0.1.2",
      "resolved": "https://registry.npmjs.org/isstream/-/isstream-0.1.2.tgz",
      "integrity": "sha1-R+Y/evVa+m+S4VAOaQ64uFKcCZo="
    },
    "jsonframe-cheerio": {
      "version": "3.0.1",
      "resolved": "https://registry.npmjs.org/jsonframe-cheerio/-/jsonframe-cheerio-3.0.1.tgz",
      "integrity": "sha1-O3BnG9r5ThJwrowkEKbajc9vVWs=",
      "requires": {
        "addressit": "^1.4.0",
        "chrono-node": "^1.2.5",
        "google-libphonenumber": "^2.0.9",
        "humanname": "^0.2.2",
        "lodash": "^4.17.4",
        "winston": "^2.3.1"
      }
    },
    "jszip": {
      "version": "3.1.5",
      "resolved": "https://registry.npmjs.org/jszip/-/jszip-3.1.5.tgz",
      "integrity": "sha1-48KmxtcGrG5gMxQDbUPNQL7v3zc=",
      "requires": {
        "core-js": "~2.3.0",
        "es6-promise": "~3.0.2",
        "lie": "~3.1.0",
        "pako": "~1.0.2",
        "readable-stream": "~2.0.6"
      }
    },
    "lie": {
      "version": "3.1.1",
      "resolved": "https://registry.npmjs.org/lie/-/lie-3.1.1.tgz",
      "integrity": "sha1-mkNrLMd0bKWd56QfpGmz77dr2H4=",
      "requires": {
        "immediate": "~3.0.5"
      }
    },
    "lodash": {
      "version": "4.17.11",
      "resolved": "https://registry.npmjs.org/lodash/-/lodash-4.17.11.tgz",
      "integrity": "sha1-s56mIp72B+zYniyN8SU2iRysm40="
    },
    "mime": {
      "version": "2.4.0",
      "resolved": "https://registry.npmjs.org/mime/-/mime-2.4.0.tgz",
      "integrity": "sha1-4FH9iBNYWF8yed8zP+aU2gvP/dY="
    },
    "minimatch": {
      "version": "3.0.4",
      "resolved": "https://registry.npmjs.org/minimatch/-/minimatch-3.0.4.tgz",
      "integrity": "sha1-UWbihkV/AzBgZL5Ul+jbsMPTIIM=",
      "requires": {
        "brace-expansion": "^1.1.7"
      }
    },
    "minimist": {
      "version": "0.0.8",
      "resolved": "https://registry.npmjs.org/minimist/-/minimist-0.0.8.tgz",
      "integrity": "sha1-hX/Kv8M5fSYluCKCYuhqp6ARsF0="
    },
    "mkdirp": {
      "version": "0.5.1",
      "resolved": "https://registry.npmjs.org/mkdirp/-/mkdirp-0.5.1.tgz",
      "integrity": "sha1-MAV0OOrGz3+MR2fzhkjWaX11yQM=",
      "requires": {
        "minimist": "0.0.8"
      }
    },
    "moment": {
      "version": "2.23.0",
      "resolved": "https://registry.npmjs.org/moment/-/moment-2.23.0.tgz",
      "integrity": "sha1-dZ6kkayX1UusWtd2mW4qWMwbwiU="
    },
    "ms": {
      "version": "2.1.1",
      "resolved": "https://registry.npmjs.org/ms/-/ms-2.1.1.tgz",
      "integrity": "sha1-MKWGTrPrsKZvLr5tcnrwagnYbgo="
    },
    "nth-check": {
      "version": "1.0.2",
      "resolved": "https://registry.npmjs.org/nth-check/-/nth-check-1.0.2.tgz",
      "integrity": "sha1-sr0pXDfj3VijvwcAN2Zjuk2c8Fw=",
      "requires": {
        "boolbase": "~1.0.0"
      }
    },
    "once": {
      "version": "1.4.0",
      "resolved": "https://registry.npmjs.org/once/-/once-1.4.0.tgz",
      "integrity": "sha1-WDsap3WWHUsROsF9nFC6753Xa9E=",
      "requires": {
        "wrappy": "1"
      }
    },
    "os-tmpdir": {
      "version": "1.0.2",
      "resolved": "https://registry.npmjs.org/os-tmpdir/-/os-tmpdir-1.0.2.tgz",
      "integrity": "sha1-u+Z0BseaqFxc/sdm/lc0VV36EnQ="
    },
    "pako": {
      "version": "1.0.7",
      "resolved": "https://registry.npmjs.org/pako/-/pako-1.0.7.tgz",
      "integrity": "sha1-JHNDkCG1fxUWyC9YvnJ1rY7xuyc="
    },
    "parse5": {
      "version": "3.0.3",
      "resolved": "https://registry.npmjs.org/parse5/-/parse5-3.0.3.tgz",
      "integrity": "sha1-BC95L/3TaFFVHPTp4Gazh0q0W1w=",
      "requires": {
        "@types/node": "*"
      },
      "dependencies": {
        "@types/node": {
          "version": "10.12.18",
          "resolved": "https://registry.npmjs.org/@types/node/-/node-10.12.18.tgz",
          "integrity": "sha1-HTynZHGJFVhPzZ9jRGIbdnJmXGc="
        }
      }
    },
    "path-is-absolute": {
      "version": "1.0.1",
      "resolved": "https://registry.npmjs.org/path-is-absolute/-/path-is-absolute-1.0.1.tgz",
      "integrity": "sha1-F0uSaHNVNP+8es5r9TpanhtcX18="
    },
    "pend": {
      "version": "1.2.0",
      "resolved": "https://registry.npmjs.org/pend/-/pend-1.2.0.tgz",
      "integrity": "sha1-elfrVQpng/kRUzH89GY9XI4AelA="
    },
    "process-nextick-args": {
      "version": "1.0.7",
      "resolved": "https://registry.npmjs.org/process-nextick-args/-/process-nextick-args-1.0.7.tgz",
      "integrity": "sha1-FQ4gt1ZZCtP5EJPyWk8q2L/zC6M="
    },
    "progress": {
      "version": "2.0.3",
      "resolved": "https://registry.npmjs.org/progress/-/progress-2.0.3.tgz",
      "integrity": "sha1-foz42PW48jnBvGi+tOt4Vn1XLvg="
    },
    "proxy-from-env": {
      "version": "1.0.0",
      "resolved": "https://registry.npmjs.org/proxy-from-env/-/proxy-from-env-1.0.0.tgz",
      "integrity": "sha1-M8UDmPcOp+uW0h97gXYwpVeRx+4="
    },
    "puppeteer": {
      "version": "1.11.0",
      "resolved": "https://registry.npmjs.org/puppeteer/-/puppeteer-1.11.0.tgz",
      "integrity": "sha1-Y82+ErBydc1uC5S85B8/yyAwV3A=",
      "requires": {
        "debug": "^4.1.0",
        "extract-zip": "^1.6.6",
        "https-proxy-agent": "^2.2.1",
        "mime": "^2.0.3",
        "progress": "^2.0.1",
        "proxy-from-env": "^1.0.0",
        "rimraf": "^2.6.1",
        "ws": "^6.1.0"
      }
    },
    "readable-stream": {
      "version": "2.0.6",
      "resolved": "https://registry.npmjs.org/readable-stream/-/readable-stream-2.0.6.tgz",
      "integrity": "sha1-j5A0HmilPMySh4jaz80Rs265t44=",
      "requires": {
        "core-util-is": "~1.0.0",
        "inherits": "~2.0.1",
        "isarray": "~1.0.0",
        "process-nextick-args": "~1.0.6",
        "string_decoder": "~0.10.x",
        "util-deprecate": "~1.0.1"
      }
    },
    "rimraf": {
      "version": "2.6.3",
      "resolved": "https://registry.npmjs.org/rimraf/-/rimraf-2.6.3.tgz",
      "integrity": "sha1-stEE/g2Psnz54KHNqCYt04M8bKs=",
      "requires": {
        "glob": "^7.1.3"
      }
    },
    "safe-buffer": {
      "version": "5.1.2",
      "resolved": "https://registry.npmjs.org/safe-buffer/-/safe-buffer-5.1.2.tgz",
      "integrity": "sha1-mR7GnSluAxN0fVm9/St0XDX4go0="
    },
    "sax": {
      "version": "1.2.4",
      "resolved": "https://registry.npmjs.org/sax/-/sax-1.2.4.tgz",
      "integrity": "sha1-KBYjTiN4vdxOU1T6tcqold9xANk="
    },
    "selenium": {
      "version": "2.20.0",
      "resolved": "https://registry.npmjs.org/selenium/-/selenium-2.20.0.tgz",
      "integrity": "sha1-9RWxoWLek8LM7y/AyjPztVQ+OMg="
    },
    "selenium-webdriver": {
      "version": "4.0.0-alpha.1",
      "resolved": "https://registry.npmjs.org/selenium-webdriver/-/selenium-webdriver-4.0.0-alpha.1.tgz",
      "integrity": "sha1-zJNBXiHS3B39hd/F9rVfOsU5M7E=",
      "requires": {
        "jszip": "^3.1.3",
        "rimraf": "^2.5.4",
        "tmp": "0.0.30",
        "xml2js": "^0.4.17"
      }
    },
    "stack-trace": {
      "version": "0.0.10",
      "resolved": "https://registry.npmjs.org/stack-trace/-/stack-trace-0.0.10.tgz",
      "integrity": "sha1-VHxws0fo0ytOEI6hoqFZ5f3eGcA="
    },
    "string_decoder": {
      "version": "0.10.31",
      "resolved": "https://registry.npmjs.org/string_decoder/-/string_decoder-0.10.31.tgz",
      "integrity": "sha1-YuIDvEF2bGwoyfyEMB2rHFMQ+pQ="
    },
    "strip-bom": {
      "version": "2.0.0",
      "resolved": "https://registry.npmjs.org/strip-bom/-/strip-bom-2.0.0.tgz",
      "integrity": "sha1-YhmoVhZSBJHzV4i9vxRHqZx+aw4=",
      "requires": {
        "is-utf8": "^0.2.0"
      }
    },
    "tmp": {
      "version": "0.0.30",
      "resolved": "https://registry.npmjs.org/tmp/-/tmp-0.0.30.tgz",
      "integrity": "sha1-ckGdSovn1s51FI/YsyTlk6cRwu0=",
      "requires": {
        "os-tmpdir": "~1.0.1"
      }
    },
    "typedarray": {
      "version": "0.0.6",
      "resolved": "https://registry.npmjs.org/typedarray/-/typedarray-0.0.6.tgz",
      "integrity": "sha1-hnrHTjhkGHsdPUfZlqeOxciDB3c="
    },
    "typescript": {
      "version": "3.2.2",
      "resolved": "https://registry.npmjs.org/typescript/-/typescript-3.2.2.tgz",
      "integrity": "sha1-/oEBxGqhI/g1NSPr3PVzDCrkk+U=",
      "dev": true
    },
    "util-deprecate": {
      "version": "1.0.2",
      "resolved": "https://registry.npmjs.org/util-deprecate/-/util-deprecate-1.0.2.tgz",
      "integrity": "sha1-RQ1Nyfpw3nMnYvvS1KKJgUGaDM8="
    },
    "uuid": {
      "version": "3.3.2",
      "resolved": "https://registry.npmjs.org/uuid/-/uuid-3.3.2.tgz",
      "integrity": "sha512-yXJmeNaw3DnnKAOKJE51sL/ZaYfWJRl1pK9dr19YFCu0ObS231AB1/LbqTKRAQ5kw8A90rA6fr4riOUpTZvQZA=="
    },
    "winston": {
      "version": "2.4.4",
      "resolved": "https://registry.npmjs.org/winston/-/winston-2.4.4.tgz",
      "integrity": "sha1-oB5NHQoQPPTq2m/B+IazEQ1xw0s=",
      "requires": {
        "async": "~1.0.0",
        "colors": "1.0.x",
        "cycle": "1.0.x",
        "eyes": "0.1.x",
        "isstream": "0.1.x",
        "stack-trace": "0.0.x"
      },
      "dependencies": {
        "colors": {
          "version": "1.0.3",
          "resolved": "https://registry.npmjs.org/colors/-/colors-1.0.3.tgz",
          "integrity": "sha1-BDP0TYCWgP3rYO0mDxsMJi6CpAs="
        }
      }
    },
    "wrappy": {
      "version": "1.0.2",
      "resolved": "https://registry.npmjs.org/wrappy/-/wrappy-1.0.2.tgz",
      "integrity": "sha1-tSQ9jz7BqjXxNkYFvA0QNuMKtp8="
    },
    "ws": {
      "version": "6.1.2",
      "resolved": "https://registry.npmjs.org/ws/-/ws-6.1.2.tgz",
      "integrity": "sha1-PMdGLph5LwrGeUJBSJA97TucOtg=",
      "requires": {
        "async-limiter": "~1.0.0"
      }
    },
    "xml2js": {
      "version": "0.4.19",
      "resolved": "https://registry.npmjs.org/xml2js/-/xml2js-0.4.19.tgz",
      "integrity": "sha1-aGwg8hMgnpSr8NG88e+qKRx4J6c=",
      "requires": {
        "sax": ">=0.6.0",
        "xmlbuilder": "~9.0.1"
      }
    },
    "xmlbuilder": {
      "version": "9.0.7",
      "resolved": "http://registry.npmjs.org/xmlbuilder/-/xmlbuilder-9.0.7.tgz",
      "integrity": "sha1-Ey7mPS7FVlxVfiD0wi35rKaGsQ0="
    },
    "yauzl": {
      "version": "2.4.1",
      "resolved": "https://registry.npmjs.org/yauzl/-/yauzl-2.4.1.tgz",
      "integrity": "sha1-lSj0QtqxsihOWLQ3m7GU4i4MQAU=",
      "requires": {
        "fd-slicer": "~1.0.1"
      }
    }
  }
}
